
Microsoft Visual Studio Solution File, Format Version 12.00
# Visual Studio 15
VisualStudioVersion = 15.0.28010.2046
MinimumVisualStudioVersion = 10.0.40219.1
Project("{8BC9CEB8-8B4A-11D0-8D11-00A0C91BC942}") = "堆", "堆\堆.vcxproj", "{29624B2A-ED3D-4ADA-B6A2-19529BF63FE1}"
EndProject
Global
	GlobalSection(SolutionConfigurationPlatforms) = preSolution
		Debug|x64 = Debug|x64
		Debug|x86 = Debug|x86
		Release|x64 = Release|x64
		Release|x86 = Release|x86
	EndGlobalSection
	GlobalSection(ProjectConfigurationPlatforms) = postSolution
		{29624B2A-ED3D-4ADA-B6A2-19529BF63FE1}.Debug|x64.ActiveCfg = Debug|x64
		{29624B2A-ED3D-4ADA-B6A2-19529BF63FE1}.Debug|x64.Build.0 = Debug|x64
		{29624B2A-ED3D-4ADA-B6A2-19529BF63FE1}.Debug|x86.ActiveCfg = Debug|Win32
		{29624B2A-ED3D-4ADA-B6A2-19529BF63FE1}.Debug|x86.Build.0 = Debug|Win32
		{29624B2A-ED3D-4ADA-B6A2-19529BF63FE1}.Release|x64.ActiveCfg = Release|x64
		{29624B2A-ED3D-4ADA-B6A2-19529BF63FE1}.Release|x64.Build.0 = Release|x64
		{29624B2A-ED3D-4ADA-B6A2-19529BF63FE1}.Release|x86.ActiveCfg = Release|Win32
		{29624B2A-ED3D-4ADA-B6A2-19529BF63FE1}.Release|x86.Build.0 = Release|Win32
	EndGlobalSection
	GlobalSection(SolutionProperties) = preSolution
		HideSolutionNode = FALSE
	EndGlobalSection
	GlobalSection(ExtensibilityGlobals) = postSolution
		SolutionGuid = {1F640837-199A-4196-9022-66ADE16F0773}
	EndGlobalSection
EndGlobal
